
Microsoft Visual Studio Solution File, Format Version 12.00
# Visual Studio 14
VisualStudioVersion = 14.0.25420.1
MinimumVisualStudioVersion = 10.0.40219.1
Project("{FAE04EC0-301F-11D3-BF4B-00C04F79EFBC}") = "Aanvragen.Entities", "Aanvragen.Entities\Aanvragen.Entities.csproj", "{5BD3B5D1-A316-495E-9A10-8BE7A6B9386C}"
EndProject
Project("{FAE04EC0-301F-11D3-BF4B-00C04F79EFBC}") = "Aanvragen.Web", "Aanvragen.Web\Aanvragen.Web.csproj", "{6A18588E-5199-466F-A3F7-B6AC5ECFD197}"
EndProject
Global
	GlobalSection(SolutionConfigurationPlatforms) = preSolution
		Debug|Any CPU = Debug|Any CPU
		Release|Any CPU = Release|Any CPU
	EndGlobalSection
	GlobalSection(ProjectConfigurationPlatforms) = postSolution
		{5BD3B5D1-A316-495E-9A10-8BE7A6B9386C}.Debug|Any CPU.ActiveCfg = Debug|Any CPU
		{5BD3B5D1-A316-495E-9A10-8BE7A6B9386C}.Debug|Any CPU.Build.0 = Debug|Any CPU
		{5BD3B5D1-A316-495E-9A10-8BE7A6B9386C}.Release|Any CPU.ActiveCfg = Release|Any CPU
		{5BD3B5D1-A316-495E-9A10-8BE7A6B9386C}.Release|Any CPU.Build.0 = Release|Any CPU
		{6A18588E-5199-466F-A3F7-B6AC5ECFD197}.Debug|Any CPU.ActiveCfg = Debug|Any CPU
		{6A18588E-5199-466F-A3F7-B6AC5ECFD197}.Debug|Any CPU.Build.0 = Debug|Any CPU
		{6A18588E-5199-466F-A3F7-B6AC5ECFD197}.Release|Any CPU.ActiveCfg = Release|Any CPU
		{6A18588E-5199-466F-A3F7-B6AC5ECFD197}.Release|Any CPU.Build.0 = Release|Any CPU
	EndGlobalSection
	GlobalSection(SolutionProperties) = preSolution
		HideSolutionNode = FALSE
	EndGlobalSection
EndGlobal
